
Microsoft Visual Studio Solution File, Format Version 12.00
# Visual Studio 2012
Project("{FAE04EC0-301F-11D3-BF4B-00C04F79EFBC}") = "StringExtensions", "StringExtensions\StringExtensions.csproj", "{7F12A7C1-5071-4F3A-84AE-3AC39ACE25FC}"
EndProject
Project("{FAE04EC0-301F-11D3-BF4B-00C04F79EFBC}") = "StringExtensionsTests", "StringExtensionsTests\StringExtensionsTests.csproj", "{B20ACE1E-599B-4701-9C9D-74DC86342F4F}"
EndProject
Global
	GlobalSection(SolutionConfigurationPlatforms) = preSolution
		Debug|Any CPU = Debug|Any CPU
		Release|Any CPU = Release|Any CPU
	EndGlobalSection
	GlobalSection(ProjectConfigurationPlatforms) = postSolution
		{7F12A7C1-5071-4F3A-84AE-3AC39ACE25FC}.Debug|Any CPU.ActiveCfg = Debug|Any CPU
		{7F12A7C1-5071-4F3A-84AE-3AC39ACE25FC}.Debug|Any CPU.Build.0 = Debug|Any CPU
		{7F12A7C1-5071-4F3A-84AE-3AC39ACE25FC}.Release|Any CPU.ActiveCfg = Release|Any CPU
		{7F12A7C1-5071-4F3A-84AE-3AC39ACE25FC}.Release|Any CPU.Build.0 = Release|Any CPU
		{B20ACE1E-599B-4701-9C9D-74DC86342F4F}.Debug|Any CPU.ActiveCfg = Debug|Any CPU
		{B20ACE1E-599B-4701-9C9D-74DC86342F4F}.Debug|Any CPU.Build.0 = Debug|Any CPU
		{B20ACE1E-599B-4701-9C9D-74DC86342F4F}.Release|Any CPU.ActiveCfg = Release|Any CPU
		{B20ACE1E-599B-4701-9C9D-74DC86342F4F}.Release|Any CPU.Build.0 = Release|Any CPU
	EndGlobalSection
EndGlobal
